
Microsoft Visual Studio Solution File, Format Version 12.00
Project("{FAE04EC0-301F-11D3-BF4B-00C04F79EFBC}") = "Battleship assigment", "Battleship assigment\Battleship assigment.csproj", "{BC77631B-DA03-4625-9747-87EFF89F6150}"
EndProject
Global
	GlobalSection(SolutionConfigurationPlatforms) = preSolution
		Debug|Any CPU = Debug|Any CPU
		Release|Any CPU = Release|Any CPU
	EndGlobalSection
	GlobalSection(ProjectConfigurationPlatforms) = postSolution
		{BC77631B-DA03-4625-9747-87EFF89F6150}.Debug|Any CPU.ActiveCfg = Debug|Any CPU
		{BC77631B-DA03-4625-9747-87EFF89F6150}.Debug|Any CPU.Build.0 = Debug|Any CPU
		{BC77631B-DA03-4625-9747-87EFF89F6150}.Release|Any CPU.ActiveCfg = Release|Any CPU
		{BC77631B-DA03-4625-9747-87EFF89F6150}.Release|Any CPU.Build.0 = Release|Any CPU
	EndGlobalSection
EndGlobal
